
Microsoft Visual Studio Solution File, Format Version 11.00
# Visual Studio 2010
Project("{FAE04EC0-301F-11D3-BF4B-00C04F79EFBC}") = "UnityEngine.TestRunner", "UnityEngine.TestRunner.csproj", "{dc3244c3-af31-3197-b8ee-6acdcebc9cb1}"
EndProject
Project("{FAE04EC0-301F-11D3-BF4B-00C04F79EFBC}") = "UnityEngine.UI", "UnityEngine.UI.csproj", "{a87d4a40-5f70-bfe9-7af7-59a193f521be}"
EndProject
Project("{FAE04EC0-301F-11D3-BF4B-00C04F79EFBC}") = "Unity.VisualScripting.Flow", "Unity.VisualScripting.Flow.csproj", "{dd70afbe-bc35-6392-71ff-f33ce7f6472b}"
EndProject
Project("{FAE04EC0-301F-11D3-BF4B-00C04F79EFBC}") = "Unity.Services.Core.Telemetry", "Unity.Services.Core.Telemetry.csproj", "{6117ed73-aa54-806b-e79c-eabaf713042b}"
EndProject
Project("{FAE04EC0-301F-11D3-BF4B-00C04F79EFBC}") = "Unity.VisualScripting.State", "Unity.VisualScripting.State.csproj", "{35642e57-277c-d6d7-de06-16820bcd6ef2}"
EndProject
Project("{FAE04EC0-301F-11D3-BF4B-00C04F79EFBC}") = "Unity.VisualScripting.Core", "Unity.VisualScripting.Core.csproj", "{2d1086c1-9f76-82af-37c7-101a16f353a0}"
EndProject
Project("{FAE04EC0-301F-11D3-BF4B-00C04F79EFBC}") = "Unity.Services.Core.Environments.Internal", "Unity.Services.Core.Environments.Internal.csproj", "{956fb9ac-ae41-f8cb-bd7e-8f49a975e864}"
EndProject
Project("{FAE04EC0-301F-11D3-BF4B-00C04F79EFBC}") = "Unity.TextMeshPro", "Unity.TextMeshPro.csproj", "{e5d23f60-1e57-474f-4eda-a27e437f7b9a}"
EndProject
Project("{FAE04EC0-301F-11D3-BF4B-00C04F79EFBC}") = "Unity.Timeline", "Unity.Timeline.csproj", "{84cfdbf4-79c3-2523-c9e2-df9c4c431163}"
EndProject
Project("{FAE04EC0-301F-11D3-BF4B-00C04F79EFBC}") = "Unity.Services.Core", "Unity.Services.Core.csproj", "{15480f54-5e85-7ae1-e0b7-34d0bdbb0fe5}"
EndProject
Project("{FAE04EC0-301F-11D3-BF4B-00C04F79EFBC}") = "Unity.Services.Core.Environments", "Unity.Services.Core.Environments.csproj", "{df481e28-adcc-28fc-4733-79b787868701}"
EndProject
Project("{FAE04EC0-301F-11D3-BF4B-00C04F79EFBC}") = "Unity.Services.Core.Internal", "Unity.Services.Core.Internal.csproj", "{d21c8a9f-6576-8e45-2f32-3bfa89d435eb}"
EndProject
Project("{FAE04EC0-301F-11D3-BF4B-00C04F79EFBC}") = "Unity.Services.Core.Analytics", "Unity.Services.Core.Analytics.csproj", "{5d156a8d-9ef0-65fa-4ec7-f40897510a00}"
EndProject
Project("{FAE04EC0-301F-11D3-BF4B-00C04F79EFBC}") = "Unity.Services.Core.Scheduler", "Unity.Services.Core.Scheduler.csproj", "{245e7393-3d42-fc12-46af-22577ac60e09}"
EndProject
Project("{FAE04EC0-301F-11D3-BF4B-00C04F79EFBC}") = "Unity.Services.Core.Registration", "Unity.Services.Core.Registration.csproj", "{69e9fedc-2f15-ac9c-80e3-abb69e421aaa}"
EndProject
Project("{FAE04EC0-301F-11D3-BF4B-00C04F79EFBC}") = "Unity.Services.Core.Device", "Unity.Services.Core.Device.csproj", "{dfef5da6-0103-3f91-fe55-0d464850ebfb}"
EndProject
Project("{FAE04EC0-301F-11D3-BF4B-00C04F79EFBC}") = "Unity.Services.Core.Threading", "Unity.Services.Core.Threading.csproj", "{dfc223a2-f82b-10b8-f8f3-4953129ecb2a}"
EndProject
Project("{FAE04EC0-301F-11D3-BF4B-00C04F79EFBC}") = "Unity.Services.Core.Networking", "Unity.Services.Core.Networking.csproj", "{2d375c6b-72f0-fcd4-ef85-133737aaf59b}"
EndProject
Project("{FAE04EC0-301F-11D3-BF4B-00C04F79EFBC}") = "Unity.Services.Core.Configuration", "Unity.Services.Core.Configuration.csproj", "{4af9e74e-e36d-fb32-b233-6c9fa349efe5}"
EndProject
Project("{FAE04EC0-301F-11D3-BF4B-00C04F79EFBC}") = "MermaidMaker", "MermaidMaker.csproj", "{9b34dc8a-12e7-f37a-bd97-261ea6f3ea9f}"
EndProject
Project("{FAE04EC0-301F-11D3-BF4B-00C04F79EFBC}") = "Unity.PlasticSCM.Editor", "Unity.PlasticSCM.Editor.csproj", "{707bbd8d-1157-d815-510b-c0ea85bc510d}"
EndProject
Project("{FAE04EC0-301F-11D3-BF4B-00C04F79EFBC}") = "Unity.VisualScripting.Core.Editor", "Unity.VisualScripting.Core.Editor.csproj", "{f46d4d37-c43e-3271-1a9c-f24cbf64f027}"
EndProject
Project("{FAE04EC0-301F-11D3-BF4B-00C04F79EFBC}") = "Unity.VisualScripting.Flow.Editor", "Unity.VisualScripting.Flow.Editor.csproj", "{9fef458c-e2a9-c5e7-b339-ab0a4eada0c2}"
EndProject
Project("{FAE04EC0-301F-11D3-BF4B-00C04F79EFBC}") = "Unity.VisualStudio.Editor", "Unity.VisualStudio.Editor.csproj", "{7bafa9b4-0745-0fa1-aa7f-ce2d57d26ded}"
EndProject
Project("{FAE04EC0-301F-11D3-BF4B-00C04F79EFBC}") = "Unity.Timeline.Editor", "Unity.Timeline.Editor.csproj", "{edc28148-78fe-0636-9d2f-fb712cc1d25b}"
EndProject
Project("{FAE04EC0-301F-11D3-BF4B-00C04F79EFBC}") = "Unity.VisualScripting.State.Editor", "Unity.VisualScripting.State.Editor.csproj", "{8ad3e8c8-81cb-01a0-9727-e3e08038b86c}"
EndProject
Project("{FAE04EC0-301F-11D3-BF4B-00C04F79EFBC}") = "Unity.TextMeshPro.Editor", "Unity.TextMeshPro.Editor.csproj", "{181de835-c311-1e38-4c80-646a0ca08be2}"
EndProject
Project("{FAE04EC0-301F-11D3-BF4B-00C04F79EFBC}") = "Unity.VisualScripting.SettingsProvider.Editor", "Unity.VisualScripting.SettingsProvider.Editor.csproj", "{83819920-f789-ccf4-8ff1-eec6dd941c26}"
EndProject
Project("{FAE04EC0-301F-11D3-BF4B-00C04F79EFBC}") = "Unity.CollabProxy.Editor", "Unity.CollabProxy.Editor.csproj", "{7b7820ed-3388-8fc7-6018-31254697f37c}"
EndProject
Project("{FAE04EC0-301F-11D3-BF4B-00C04F79EFBC}") = "UnityEditor.TestRunner", "UnityEditor.TestRunner.csproj", "{b133a645-2c2c-a3dd-96ad-836f6f2dcfaa}"
EndProject
Project("{FAE04EC0-301F-11D3-BF4B-00C04F79EFBC}") = "Unity.Services.Core.Editor", "Unity.Services.Core.Editor.csproj", "{7e95ca52-158d-544c-04f9-76545a9deee9}"
EndProject
Project("{FAE04EC0-301F-11D3-BF4B-00C04F79EFBC}") = "Unity.Rider.Editor", "Unity.Rider.Editor.csproj", "{84ec7f41-a8a7-3904-154a-01039e0079d8}"
EndProject
Project("{FAE04EC0-301F-11D3-BF4B-00C04F79EFBC}") = "Unity.VSCode.Editor", "Unity.VSCode.Editor.csproj", "{dee377e0-ed14-2e0e-3fba-49c7eec1ef53}"
EndProject
Project("{FAE04EC0-301F-11D3-BF4B-00C04F79EFBC}") = "UnityEditor.UI", "UnityEditor.UI.csproj", "{df4be9a6-8508-6fc8-aec7-6b70034a58c2}"
EndProject
Project("{FAE04EC0-301F-11D3-BF4B-00C04F79EFBC}") = "Unity.Services.Core.Configuration.Editor", "Unity.Services.Core.Configuration.Editor.csproj", "{d01a2e06-bf41-463f-c863-651c6d71fbae}"
EndProject
Project("{FAE04EC0-301F-11D3-BF4B-00C04F79EFBC}") = "Unity.VisualScripting.Shared.Editor", "Unity.VisualScripting.Shared.Editor.csproj", "{2aa8b645-e42b-d930-42cb-d60df2fd62d2}"
EndProject
Project("{FAE04EC0-301F-11D3-BF4B-00C04F79EFBC}") = "Unity.Performance.Profile-Analyzer.Editor", "Unity.Performance.Profile-Analyzer.Editor.csproj", "{8023bd83-e551-d2e8-85bf-6ca82b694288}"
EndProject
Project("{FAE04EC0-301F-11D3-BF4B-00C04F79EFBC}") = "Unity.Settings.Editor", "Unity.Settings.Editor.csproj", "{ab402eed-ffe0-20e0-7ea8-fc4f669bc1a1}"
EndProject
Project("{FAE04EC0-301F-11D3-BF4B-00C04F79EFBC}") = "Unity.TestTools.CodeCoverage.Editor.OpenCover.Model", "Unity.TestTools.CodeCoverage.Editor.OpenCover.Model.csproj", "{39a289f1-aede-62f3-8447-ffe9845663ae}"
EndProject
Project("{FAE04EC0-301F-11D3-BF4B-00C04F79EFBC}") = "Unity.TestTools.CodeCoverage.Editor", "Unity.TestTools.CodeCoverage.Editor.csproj", "{86f1c313-1abc-1b77-33e8-3bc7dc9ac1f1}"
EndProject
Project("{FAE04EC0-301F-11D3-BF4B-00C04F79EFBC}") = "MermaidMaker.Editor", "MermaidMaker.Editor.csproj", "{ca485b68-b66c-6d3e-69f2-b9e9664093d6}"
EndProject
Project("{FAE04EC0-301F-11D3-BF4B-00C04F79EFBC}") = "Unity.TestTools.CodeCoverage.Editor.OpenCover.Mono.Reflection", "Unity.TestTools.CodeCoverage.Editor.OpenCover.Mono.Reflection.csproj", "{9ff67a04-31e3-bbfd-bd24-140545559179}"
EndProject
Project("{FAE04EC0-301F-11D3-BF4B-00C04F79EFBC}") = "Unity.EditorCoroutines.Editor", "Unity.EditorCoroutines.Editor.csproj", "{fe8ab0a0-db21-eff6-139a-cf8f8293e652}"
EndProject
Project("{FAE04EC0-301F-11D3-BF4B-00C04F79EFBC}") = "Assembly-CSharp", "Assembly-CSharp.csproj", "{0739e5b8-ebd0-1675-830d-718555bb6c08}"
EndProject
Project("{FAE04EC0-301F-11D3-BF4B-00C04F79EFBC}") = "UnityEngine.UI.Tests", "UnityEngine.UI.Tests.csproj", "{d90a7edb-6acb-5414-10eb-81e0b6871de0}"
EndProject
Project("{FAE04EC0-301F-11D3-BF4B-00C04F79EFBC}") = "UnityEditor.UI.EditorTests", "UnityEditor.UI.EditorTests.csproj", "{38d3e092-2353-0d0e-2030-ecb418bac1bc}"
EndProject
Project("{FAE04EC0-301F-11D3-BF4B-00C04F79EFBC}") = "Unity.TextMeshPro.Tests", "Unity.TextMeshPro.Tests.csproj", "{1c2108d2-ce8f-291c-1cdc-102c9a3d796e}"
EndProject
Project("{FAE04EC0-301F-11D3-BF4B-00C04F79EFBC}") = "DocCodeExamples", "DocCodeExamples.csproj", "{410c5408-b1ca-e24b-e036-00fdd5cdd090}"
EndProject
Project("{FAE04EC0-301F-11D3-BF4B-00C04F79EFBC}") = "Unity.TestTools.CodeCoverage.Editor.Compatibility", "Unity.TestTools.CodeCoverage.Editor.Compatibility.csproj", "{12c3197e-2389-2d54-aba2-4709ef592e85}"
EndProject
Project("{FAE04EC0-301F-11D3-BF4B-00C04F79EFBC}") = "Unity.TextMeshPro.Editor.Tests", "Unity.TextMeshPro.Editor.Tests.csproj", "{ce47b4e3-4fed-5989-87aa-71c6f898ed77}"
EndProject
Project("{FAE04EC0-301F-11D3-BF4B-00C04F79EFBC}") = "Unity.Settings.Tests", "Unity.Settings.Tests.csproj", "{f578bb51-b7ed-dcde-3b48-d79935698704}"
EndProject
Project("{FAE04EC0-301F-11D3-BF4B-00C04F79EFBC}") = "Assembly-CSharp-firstpass", "Assembly-CSharp-firstpass.csproj", "{8ce3a554-326f-92a1-b6cd-484627fec25f}"
EndProject
Project("{FAE04EC0-301F-11D3-BF4B-00C04F79EFBC}") = "Unity.Performance.Profile-Analyzer.EditorTests", "Unity.Performance.Profile-Analyzer.EditorTests.csproj", "{9c01b9b2-abc9-9c8d-1342-e5ac9c7dea6f}"
EndProject
Global
	GlobalSection(SolutionConfigurationPlatforms) = preSolution
		Debug|Any CPU = Debug|Any CPU
	EndGlobalSection
	GlobalSection(ProjectConfigurationPlatforms) = postSolution
		{dc3244c3-af31-3197-b8ee-6acdcebc9cb1}.Debug|Any CPU.ActiveCfg = Debug|Any CPU
		{dc3244c3-af31-3197-b8ee-6acdcebc9cb1}.Debug|Any CPU.Build.0 = Debug|Any CPU
		{a87d4a40-5f70-bfe9-7af7-59a193f521be}.Debug|Any CPU.ActiveCfg = Debug|Any CPU
		{a87d4a40-5f70-bfe9-7af7-59a193f521be}.Debug|Any CPU.Build.0 = Debug|Any CPU
		{dd70afbe-bc35-6392-71ff-f33ce7f6472b}.Debug|Any CPU.ActiveCfg = Debug|Any CPU
		{dd70afbe-bc35-6392-71ff-f33ce7f6472b}.Debug|Any CPU.Build.0 = Debug|Any CPU
		{6117ed73-aa54-806b-e79c-eabaf713042b}.Debug|Any CPU.ActiveCfg = Debug|Any CPU
		{6117ed73-aa54-806b-e79c-eabaf713042b}.Debug|Any CPU.Build.0 = Debug|Any CPU
		{35642e57-277c-d6d7-de06-16820bcd6ef2}.Debug|Any CPU.ActiveCfg = Debug|Any CPU
		{35642e57-277c-d6d7-de06-16820bcd6ef2}.Debug|Any CPU.Build.0 = Debug|Any CPU
		{2d1086c1-9f76-82af-37c7-101a16f353a0}.Debug|Any CPU.ActiveCfg = Debug|Any CPU
		{2d1086c1-9f76-82af-37c7-101a16f353a0}.Debug|Any CPU.Build.0 = Debug|Any CPU
		{956fb9ac-ae41-f8cb-bd7e-8f49a975e864}.Debug|Any CPU.ActiveCfg = Debug|Any CPU
		{956fb9ac-ae41-f8cb-bd7e-8f49a975e864}.Debug|Any CPU.Build.0 = Debug|Any CPU
		{e5d23f60-1e57-474f-4eda-a27e437f7b9a}.Debug|Any CPU.ActiveCfg = Debug|Any CPU
		{e5d23f60-1e57-474f-4eda-a27e437f7b9a}.Debug|Any CPU.Build.0 = Debug|Any CPU
		{84cfdbf4-79c3-2523-c9e2-df9c4c431163}.Debug|Any CPU.ActiveCfg = Debug|Any CPU
		{84cfdbf4-79c3-2523-c9e2-df9c4c431163}.Debug|Any CPU.Build.0 = Debug|Any CPU
		{15480f54-5e85-7ae1-e0b7-34d0bdbb0fe5}.Debug|Any CPU.ActiveCfg = Debug|Any CPU
		{15480f54-5e85-7ae1-e0b7-34d0bdbb0fe5}.Debug|Any CPU.Build.0 = Debug|Any CPU
		{df481e28-adcc-28fc-4733-79b787868701}.Debug|Any CPU.ActiveCfg = Debug|Any CPU
		{df481e28-adcc-28fc-4733-79b787868701}.Debug|Any CPU.Build.0 = Debug|Any CPU
		{d21c8a9f-6576-8e45-2f32-3bfa89d435eb}.Debug|Any CPU.ActiveCfg = Debug|Any CPU
		{d21c8a9f-6576-8e45-2f32-3bfa89d435eb}.Debug|Any CPU.Build.0 = Debug|Any CPU
		{5d156a8d-9ef0-65fa-4ec7-f40897510a00}.Debug|Any CPU.ActiveCfg = Debug|Any CPU
		{5d156a8d-9ef0-65fa-4ec7-f40897510a00}.Debug|Any CPU.Build.0 = Debug|Any CPU
		{245e7393-3d42-fc12-46af-22577ac60e09}.Debug|Any CPU.ActiveCfg = Debug|Any CPU
		{245e7393-3d42-fc12-46af-22577ac60e09}.Debug|Any CPU.Build.0 = Debug|Any CPU
		{69e9fedc-2f15-ac9c-80e3-abb69e421aaa}.Debug|Any CPU.ActiveCfg = Debug|Any CPU
		{69e9fedc-2f15-ac9c-80e3-abb69e421aaa}.Debug|Any CPU.Build.0 = Debug|Any CPU
		{dfef5da6-0103-3f91-fe55-0d464850ebfb}.Debug|Any CPU.ActiveCfg = Debug|Any CPU
		{dfef5da6-0103-3f91-fe55-0d464850ebfb}.Debug|Any CPU.Build.0 = Debug|Any CPU
		{dfc223a2-f82b-10b8-f8f3-4953129ecb2a}.Debug|Any CPU.ActiveCfg = Debug|Any CPU
		{dfc223a2-f82b-10b8-f8f3-4953129ecb2a}.Debug|Any CPU.Build.0 = Debug|Any CPU
		{2d375c6b-72f0-fcd4-ef85-133737aaf59b}.Debug|Any CPU.ActiveCfg = Debug|Any CPU
		{2d375c6b-72f0-fcd4-ef85-133737aaf59b}.Debug|Any CPU.Build.0 = Debug|Any CPU
		{4af9e74e-e36d-fb32-b233-6c9fa349efe5}.Debug|Any CPU.ActiveCfg = Debug|Any CPU
		{4af9e74e-e36d-fb32-b233-6c9fa349efe5}.Debug|Any CPU.Build.0 = Debug|Any CPU
		{9b34dc8a-12e7-f37a-bd97-261ea6f3ea9f}.Debug|Any CPU.ActiveCfg = Debug|Any CPU
		{9b34dc8a-12e7-f37a-bd97-261ea6f3ea9f}.Debug|Any CPU.Build.0 = Debug|Any CPU
		{707bbd8d-1157-d815-510b-c0ea85bc510d}.Debug|Any CPU.ActiveCfg = Debug|Any CPU
		{707bbd8d-1157-d815-510b-c0ea85bc510d}.Debug|Any CPU.Build.0 = Debug|Any CPU
		{f46d4d37-c43e-3271-1a9c-f24cbf64f027}.Debug|Any CPU.ActiveCfg = Debug|Any CPU
		{f46d4d37-c43e-3271-1a9c-f24cbf64f027}.Debug|Any CPU.Build.0 = Debug|Any CPU
		{9fef458c-e2a9-c5e7-b339-ab0a4eada0c2}.Debug|Any CPU.ActiveCfg = Debug|Any CPU
		{9fef458c-e2a9-c5e7-b339-ab0a4eada0c2}.Debug|Any CPU.Build.0 = Debug|Any CPU
		{7bafa9b4-0745-0fa1-aa7f-ce2d57d26ded}.Debug|Any CPU.ActiveCfg = Debug|Any CPU
		{7bafa9b4-0745-0fa1-aa7f-ce2d57d26ded}.Debug|Any CPU.Build.0 = Debug|Any CPU
		{edc28148-78fe-0636-9d2f-fb712cc1d25b}.Debug|Any CPU.ActiveCfg = Debug|Any CPU
		{edc28148-78fe-0636-9d2f-fb712cc1d25b}.Debug|Any CPU.Build.0 = Debug|Any CPU
		{8ad3e8c8-81cb-01a0-9727-e3e08038b86c}.Debug|Any CPU.ActiveCfg = Debug|Any CPU
		{8ad3e8c8-81cb-01a0-9727-e3e08038b86c}.Debug|Any CPU.Build.0 = Debug|Any CPU
		{181de835-c311-1e38-4c80-646a0ca08be2}.Debug|Any CPU.ActiveCfg = Debug|Any CPU
		{181de835-c311-1e38-4c80-646a0ca08be2}.Debug|Any CPU.Build.0 = Debug|Any CPU
		{83819920-f789-ccf4-8ff1-eec6dd941c26}.Debug|Any CPU.ActiveCfg = Debug|Any CPU
		{83819920-f789-ccf4-8ff1-eec6dd941c26}.Debug|Any CPU.Build.0 = Debug|Any CPU
		{7b7820ed-3388-8fc7-6018-31254697f37c}.Debug|Any CPU.ActiveCfg = Debug|Any CPU
		{7b7820ed-3388-8fc7-6018-31254697f37c}.Debug|Any CPU.Build.0 = Debug|Any CPU
		{b133a645-2c2c-a3dd-96ad-836f6f2dcfaa}.Debug|Any CPU.ActiveCfg = Debug|Any CPU
		{b133a645-2c2c-a3dd-96ad-836f6f2dcfaa}.Debug|Any CPU.Build.0 = Debug|Any CPU
		{7e95ca52-158d-544c-04f9-76545a9deee9}.Debug|Any CPU.ActiveCfg = Debug|Any CPU
		{7e95ca52-158d-544c-04f9-76545a9deee9}.Debug|Any CPU.Build.0 = Debug|Any CPU
		{84ec7f41-a8a7-3904-154a-01039e0079d8}.Debug|Any CPU.ActiveCfg = Debug|Any CPU
		{84ec7f41-a8a7-3904-154a-01039e0079d8}.Debug|Any CPU.Build.0 = Debug|Any CPU
		{dee377e0-ed14-2e0e-3fba-49c7eec1ef53}.Debug|Any CPU.ActiveCfg = Debug|Any CPU
		{dee377e0-ed14-2e0e-3fba-49c7eec1ef53}.Debug|Any CPU.Build.0 = Debug|Any CPU
		{df4be9a6-8508-6fc8-aec7-6b70034a58c2}.Debug|Any CPU.ActiveCfg = Debug|Any CPU
		{df4be9a6-8508-6fc8-aec7-6b70034a58c2}.Debug|Any CPU.Build.0 = Debug|Any CPU
		{d01a2e06-bf41-463f-c863-651c6d71fbae}.Debug|Any CPU.ActiveCfg = Debug|Any CPU
		{d01a2e06-bf41-463f-c863-651c6d71fbae}.Debug|Any CPU.Build.0 = Debug|Any CPU
		{2aa8b645-e42b-d930-42cb-d60df2fd62d2}.Debug|Any CPU.ActiveCfg = Debug|Any CPU
		{2aa8b645-e42b-d930-42cb-d60df2fd62d2}.Debug|Any CPU.Build.0 = Debug|Any CPU
		{8023bd83-e551-d2e8-85bf-6ca82b694288}.Debug|Any CPU.ActiveCfg = Debug|Any CPU
		{8023bd83-e551-d2e8-85bf-6ca82b694288}.Debug|Any CPU.Build.0 = Debug|Any CPU
		{ab402eed-ffe0-20e0-7ea8-fc4f669bc1a1}.Debug|Any CPU.ActiveCfg = Debug|Any CPU
		{ab402eed-ffe0-20e0-7ea8-fc4f669bc1a1}.Debug|Any CPU.Build.0 = Debug|Any CPU
		{39a289f1-aede-62f3-8447-ffe9845663ae}.Debug|Any CPU.ActiveCfg = Debug|Any CPU
		{39a289f1-aede-62f3-8447-ffe9845663ae}.Debug|Any CPU.Build.0 = Debug|Any CPU
		{86f1c313-1abc-1b77-33e8-3bc7dc9ac1f1}.Debug|Any CPU.ActiveCfg = Debug|Any CPU
		{86f1c313-1abc-1b77-33e8-3bc7dc9ac1f1}.Debug|Any CPU.Build.0 = Debug|Any CPU
		{ca485b68-b66c-6d3e-69f2-b9e9664093d6}.Debug|Any CPU.ActiveCfg = Debug|Any CPU
		{ca485b68-b66c-6d3e-69f2-b9e9664093d6}.Debug|Any CPU.Build.0 = Debug|Any CPU
		{9ff67a04-31e3-bbfd-bd24-140545559179}.Debug|Any CPU.ActiveCfg = Debug|Any CPU
		{9ff67a04-31e3-bbfd-bd24-140545559179}.Debug|Any CPU.Build.0 = Debug|Any CPU
		{fe8ab0a0-db21-eff6-139a-cf8f8293e652}.Debug|Any CPU.ActiveCfg = Debug|Any CPU
		{fe8ab0a0-db21-eff6-139a-cf8f8293e652}.Debug|Any CPU.Build.0 = Debug|Any CPU
		{0739e5b8-ebd0-1675-830d-718555bb6c08}.Debug|Any CPU.ActiveCfg = Debug|Any CPU
		{0739e5b8-ebd0-1675-830d-718555bb6c08}.Debug|Any CPU.Build.0 = Debug|Any CPU
		{d90a7edb-6acb-5414-10eb-81e0b6871de0}.Debug|Any CPU.ActiveCfg = Debug|Any CPU
		{d90a7edb-6acb-5414-10eb-81e0b6871de0}.Debug|Any CPU.Build.0 = Debug|Any CPU
		{38d3e092-2353-0d0e-2030-ecb418bac1bc}.Debug|Any CPU.ActiveCfg = Debug|Any CPU
		{38d3e092-2353-0d0e-2030-ecb418bac1bc}.Debug|Any CPU.Build.0 = Debug|Any CPU
		{1c2108d2-ce8f-291c-1cdc-102c9a3d796e}.Debug|Any CPU.ActiveCfg = Debug|Any CPU
		{1c2108d2-ce8f-291c-1cdc-102c9a3d796e}.Debug|Any CPU.Build.0 = Debug|Any CPU
		{410c5408-b1ca-e24b-e036-00fdd5cdd090}.Debug|Any CPU.ActiveCfg = Debug|Any CPU
		{410c5408-b1ca-e24b-e036-00fdd5cdd090}.Debug|Any CPU.Build.0 = Debug|Any CPU
		{12c3197e-2389-2d54-aba2-4709ef592e85}.Debug|Any CPU.ActiveCfg = Debug|Any CPU
		{12c3197e-2389-2d54-aba2-4709ef592e85}.Debug|Any CPU.Build.0 = Debug|Any CPU
		{ce47b4e3-4fed-5989-87aa-71c6f898ed77}.Debug|Any CPU.ActiveCfg = Debug|Any CPU
		{ce47b4e3-4fed-5989-87aa-71c6f898ed77}.Debug|Any CPU.Build.0 = Debug|Any CPU
		{f578bb51-b7ed-dcde-3b48-d79935698704}.Debug|Any CPU.ActiveCfg = Debug|Any CPU
		{f578bb51-b7ed-dcde-3b48-d79935698704}.Debug|Any CPU.Build.0 = Debug|Any CPU
		{8ce3a554-326f-92a1-b6cd-484627fec25f}.Debug|Any CPU.ActiveCfg = Debug|Any CPU
		{8ce3a554-326f-92a1-b6cd-484627fec25f}.Debug|Any CPU.Build.0 = Debug|Any CPU
		{9c01b9b2-abc9-9c8d-1342-e5ac9c7dea6f}.Debug|Any CPU.ActiveCfg = Debug|Any CPU
		{9c01b9b2-abc9-9c8d-1342-e5ac9c7dea6f}.Debug|Any CPU.Build.0 = Debug|Any CPU
	EndGlobalSection
	GlobalSection(SolutionProperties) = preSolution
		HideSolutionNode = FALSE
	EndGlobalSection
EndGlobal
